
Microsoft Visual Studio Solution File, Format Version 12.00
# Visual Studio 15
VisualStudioVersion = 15.0.28307.1062
MinimumVisualStudioVersion = 10.0.40219.1
Project("{FAE04EC0-301F-11D3-BF4B-00C04F79EFBC}") = "WebAppCoreGitHub", "WebAppCoreGitHub\WebAppCoreGitHub.csproj", "{AFBB9C10-D286-46E7-9045-521FA92BF332}"
EndProject
Global
	GlobalSection(SolutionConfigurationPlatforms) = preSolution
		Debug|Any CPU = Debug|Any CPU
		Release|Any CPU = Release|Any CPU
	EndGlobalSection
	GlobalSection(ProjectConfigurationPlatforms) = postSolution
		{AFBB9C10-D286-46E7-9045-521FA92BF332}.Debug|Any CPU.ActiveCfg = Debug|Any CPU
		{AFBB9C10-D286-46E7-9045-521FA92BF332}.Debug|Any CPU.Build.0 = Debug|Any CPU
		{AFBB9C10-D286-46E7-9045-521FA92BF332}.Release|Any CPU.ActiveCfg = Release|Any CPU
		{AFBB9C10-D286-46E7-9045-521FA92BF332}.Release|Any CPU.Build.0 = Release|Any CPU
	EndGlobalSection
	GlobalSection(SolutionProperties) = preSolution
		HideSolutionNode = FALSE
	EndGlobalSection
	GlobalSection(ExtensibilityGlobals) = postSolution
		SolutionGuid = {5DE0A3CE-03A4-40ED-B312-0EE7983CF652}
	EndGlobalSection
EndGlobal
